// !$*UTF8*$!
{
	archiveVersion = 1;
	classes = {
	};
	objectVersion = 50;
	objects = {

/* Begin PBXBuildFile section */
		997B2E2326124AD5000DB063 /* AppDelegate.swift in Sources */ = {isa = PBXBuildFile; fileRef = 997B2E2226124AD5000DB063 /* AppDelegate.swift */; };
		997B2E2526124AD5000DB063 /* SceneDelegate.swift in Sources */ = {isa = PBXBuildFile; fileRef = 997B2E2426124AD5000DB063 /* SceneDelegate.swift */; };
		997B2E2A26124AD5000DB063 /* Main.storyboard in Resources */ = {isa = PBXBuildFile; fileRef = 997B2E2826124AD5000DB063 /* Main.storyboard */; };
		997B2E2D26124AD5000DB063 /* SeatTest.xcdatamodeld in Sources */ = {isa = PBXBuildFile; fileRef = 997B2E2B26124AD5000DB063 /* SeatTest.xcdatamodeld */; };
		997B2E2F26124ADD000DB063 /* Assets.xcassets in Resources */ = {isa = PBXBuildFile; fileRef = 997B2E2E26124ADD000DB063 /* Assets.xcassets */; };
		997B2E3226124ADD000DB063 /* LaunchScreen.storyboard in Resources */ = {isa = PBXBuildFile; fileRef = 997B2E3026124ADD000DB063 /* LaunchScreen.storyboard */; };
		997B2E4C2612528E000DB063 /* NetworkManager.swift in Sources */ = {isa = PBXBuildFile; fileRef = 997B2E4B2612528E000DB063 /* NetworkManager.swift */; };
		997B2E4F26125693000DB063 /* APIError.swift in Sources */ = {isa = PBXBuildFile; fileRef = 997B2E4E26125693000DB063 /* APIError.swift */; };
		997B2E5426125704000DB063 /* DTEvent.swift in Sources */ = {isa = PBXBuildFile; fileRef = 997B2E5326125704000DB063 /* DTEvent.swift */; };
		997B2E62261268F3000DB063 /* PersistenceContainer.swift in Sources */ = {isa = PBXBuildFile; fileRef = 997B2E61261268F3000DB063 /* PersistenceContainer.swift */; };
		997B2E6526126967000DB063 /* FavoriteEvents+CoreDataFunctions.swift in Sources */ = {isa = PBXBuildFile; fileRef = 997B2E6426126967000DB063 /* FavoriteEvents+CoreDataFunctions.swift */; };
		997B2E69261271F7000DB063 /* ImageCacheManager.swift in Sources */ = {isa = PBXBuildFile; fileRef = 997B2E68261271F7000DB063 /* ImageCacheManager.swift */; };
		997B2E6D26127BBD000DB063 /* EventsListTableViewController.swift in Sources */ = {isa = PBXBuildFile; fileRef = 997B2E6C26127BBD000DB063 /* EventsListTableViewController.swift */; };
		997B2E7226127BD3000DB063 /* EventCell.swift in Sources */ = {isa = PBXBuildFile; fileRef = 997B2E7026127BD3000DB063 /* EventCell.swift */; };
		997B2E7326127BD3000DB063 /* EventCell.xib in Resources */ = {isa = PBXBuildFile; fileRef = 997B2E7126127BD3000DB063 /* EventCell.xib */; };
		997B2E7626127BED000DB063 /* EventDetailsViewController.swift in Sources */ = {isa = PBXBuildFile; fileRef = 997B2E7526127BED000DB063 /* EventDetailsViewController.swift */; };
		997B2E7926127C05000DB063 /* EventListViewModel.swift in Sources */ = {isa = PBXBuildFile; fileRef = 997B2E7826127C05000DB063 /* EventListViewModel.swift */; };
		997B2E7E2612850B000DB063 /* Event.swift in Sources */ = {isa = PBXBuildFile; fileRef = 997B2E7D2612850B000DB063 /* Event.swift */; };
		997B2E82261298D6000DB063 /* EventsList+SearchBarDelegate.swift in Sources */ = {isa = PBXBuildFile; fileRef = 997B2E81261298D6000DB063 /* EventsList+SearchBarDelegate.swift */; };
/* End PBXBuildFile section */

/* Begin PBXFileReference section */
		997B2E1F26124AD5000DB063 /* SeatTest.app */ = {isa = PBXFileReference; explicitFileType = wrapper.application; includeInIndex = 0; path = SeatTest.app; sourceTree = BUILT_PRODUCTS_DIR; };
		997B2E2226124AD5000DB063 /* AppDelegate.swift */ = {isa = PBXFileReference; lastKnownFileType = sourcecode.swift; path = AppDelegate.swift; sourceTree = "<group>"; };
		997B2E2426124AD5000DB063 /* SceneDelegate.swift */ = {isa = PBXFileReference; lastKnownFileType = sourcecode.swift; path = SceneDelegate.swift; sourceTree = "<group>"; };
		997B2E2926124AD5000DB063 /* Base */ = {isa = PBXFileReference; lastKnownFileType = file.storyboard; name = Base; path = Base.lproj/Main.storyboard; sourceTree = "<group>"; };
		997B2E2C26124AD5000DB063 /* SeatTest.xcdatamodel */ = {isa = PBXFileReference; lastKnownFileType = wrapper.xcdatamodel; path = SeatTest.xcdatamodel; sourceTree = "<group>"; };
		997B2E2E26124ADD000DB063 /* Assets.xcassets */ = {isa = PBXFileReference; lastKnownFileType = folder.assetcatalog; path = Assets.xcassets; sourceTree = "<group>"; };
		997B2E3126124ADD000DB063 /* Base */ = {isa = PBXFileReference; lastKnownFileType = file.storyboard; name = Base; path = Base.lproj/LaunchScreen.storyboard; sourceTree = "<group>"; };
		997B2E3326124ADD000DB063 /* Info.plist */ = {isa = PBXFileReference; lastKnownFileType = text.plist.xml; path = Info.plist; sourceTree = "<group>"; };
		997B2E4B2612528E000DB063 /* NetworkManager.swift */ = {isa = PBXFileReference; lastKnownFileType = sourcecode.swift; path = NetworkManager.swift; sourceTree = "<group>"; };
		997B2E4E26125693000DB063 /* APIError.swift */ = {isa = PBXFileReference; lastKnownFileType = sourcecode.swift; path = APIError.swift; sourceTree = "<group>"; };
		997B2E5326125704000DB063 /* DTEvent.swift */ = {isa = PBXFileReference; lastKnownFileType = sourcecode.swift; path = DTEvent.swift; sourceTree = "<group>"; };
		997B2E61261268F3000DB063 /* PersistenceContainer.swift */ = {isa = PBXFileReference; fileEncoding = 4; lastKnownFileType = sourcecode.swift; path = PersistenceContainer.swift; sourceTree = "<group>"; };
		997B2E6426126967000DB063 /* FavoriteEvents+CoreDataFunctions.swift */ = {isa = PBXFileReference; lastKnownFileType = sourcecode.swift; path = "FavoriteEvents+CoreDataFunctions.swift"; sourceTree = "<group>"; };
		997B2E68261271F7000DB063 /* ImageCacheManager.swift */ = {isa = PBXFileReference; lastKnownFileType = sourcecode.swift; path = ImageCacheManager.swift; sourceTree = "<group>"; };
		997B2E6C26127BBD000DB063 /* EventsListTableViewController.swift */ = {isa = PBXFileReference; lastKnownFileType = sourcecode.swift; path = EventsListTableViewController.swift; sourceTree = "<group>"; };
		997B2E7026127BD3000DB063 /* EventCell.swift */ = {isa = PBXFileReference; lastKnownFileType = sourcecode.swift; path = EventCell.swift; sourceTree = "<group>"; };
		997B2E7126127BD3000DB063 /* EventCell.xib */ = {isa = PBXFileReference; lastKnownFileType = file.xib; path = EventCell.xib; sourceTree = "<group>"; };
		997B2E7526127BED000DB063 /* EventDetailsViewController.swift */ = {isa = PBXFileReference; lastKnownFileType = sourcecode.swift; path = EventDetailsViewController.swift; sourceTree = "<group>"; };
		997B2E7826127C05000DB063 /* EventListViewModel.swift */ = {isa = PBXFileReference; lastKnownFileType = sourcecode.swift; path = EventListViewModel.swift; sourceTree = "<group>"; };
		997B2E7D2612850B000DB063 /* Event.swift */ = {isa = PBXFileReference; lastKnownFileType = sourcecode.swift; path = Event.swift; sourceTree = "<group>"; };
		997B2E81261298D6000DB063 /* EventsList+SearchBarDelegate.swift */ = {isa = PBXFileReference; lastKnownFileType = sourcecode.swift; path = "EventsList+SearchBarDelegate.swift"; sourceTree = "<group>"; };
/* End PBXFileReference section */

/* Begin PBXFrameworksBuildPhase section */
		997B2E1C26124AD5000DB063 /* Frameworks */ = {
			isa = PBXFrameworksBuildPhase;
			buildActionMask = 2147483647;
			files = (
			);
			runOnlyForDeploymentPostprocessing = 0;
		};
/* End PBXFrameworksBuildPhase section */

/* Begin PBXGroup section */
		997B2E1626124AD5000DB063 = {
			isa = PBXGroup;
			children = (
				997B2E2126124AD5000DB063 /* SeatTest */,
				997B2E2026124AD5000DB063 /* Products */,
			);
			sourceTree = "<group>";
		};
		997B2E2026124AD5000DB063 /* Products */ = {
			isa = PBXGroup;
			children = (
				997B2E1F26124AD5000DB063 /* SeatTest.app */,
			);
			name = Products;
			sourceTree = "<group>";
		};
		997B2E2126124AD5000DB063 /* SeatTest */ = {
			isa = PBXGroup;
			children = (
				997B2E7C261284F6000DB063 /* APPDataModel */,
				997B2E67261271DE000DB063 /* CacheManager */,
				997B2E60261268C4000DB063 /* CoreDataManager */,
				997B2E52261256E3000DB063 /* APIDataModel */,
				997B2E4A2612524C000DB063 /* NetworkManager */,
				997B2E2226124AD5000DB063 /* AppDelegate.swift */,
				997B2E2426124AD5000DB063 /* SceneDelegate.swift */,
				997B2E2826124AD5000DB063 /* Main.storyboard */,
				997B2E2E26124ADD000DB063 /* Assets.xcassets */,
				997B2E3026124ADD000DB063 /* LaunchScreen.storyboard */,
				997B2E3326124ADD000DB063 /* Info.plist */,
				997B2E2B26124AD5000DB063 /* SeatTest.xcdatamodeld */,
				997B2E3E26124E47000DB063 /* ViewControllers */,
			);
			path = SeatTest;
			sourceTree = "<group>";
		};
		997B2E3E26124E47000DB063 /* ViewControllers */ = {
			isa = PBXGroup;
			children = (
				997B2E7826127C05000DB063 /* EventListViewModel.swift */,
				997B2E6C26127BBD000DB063 /* EventsListTableViewController.swift */,
				997B2E81261298D6000DB063 /* EventsList+SearchBarDelegate.swift */,
				997B2E7026127BD3000DB063 /* EventCell.swift */,
				997B2E7126127BD3000DB063 /* EventCell.xib */,
				997B2E7526127BED000DB063 /* EventDetailsViewController.swift */,
			);
			path = ViewControllers;
			sourceTree = "<group>";
		};
		997B2E4A2612524C000DB063 /* NetworkManager */ = {
			isa = PBXGroup;
			children = (
				997B2E4B2612528E000DB063 /* NetworkManager.swift */,
				997B2E4E26125693000DB063 /* APIError.swift */,
			);
			path = NetworkManager;
			sourceTree = "<group>";
		};
		997B2E52261256E3000DB063 /* APIDataModel */ = {
			isa = PBXGroup;
			children = (
				997B2E5326125704000DB063 /* DTEvent.swift */,
			);
			path = APIDataModel;
			sourceTree = "<group>";
		};
		997B2E60261268C4000DB063 /* CoreDataManager */ = {
			isa = PBXGroup;
			children = (
				997B2E61261268F3000DB063 /* PersistenceContainer.swift */,
				997B2E6426126967000DB063 /* FavoriteEvents+CoreDataFunctions.swift */,
			);
			path = CoreDataManager;
			sourceTree = "<group>";
		};
		997B2E67261271DE000DB063 /* CacheManager */ = {
			isa = PBXGroup;
			children = (
				997B2E68261271F7000DB063 /* ImageCacheManager.swift */,
			);
			path = CacheManager;
			sourceTree = "<group>";
		};
		997B2E7C261284F6000DB063 /* APPDataModel */ = {
			isa = PBXGroup;
			children = (
				997B2E7D2612850B000DB063 /* Event.swift */,
			);
			path = APPDataModel;
			sourceTree = "<group>";
		};
/* End PBXGroup section */

/* Begin PBXNativeTarget section */
		997B2E1E26124AD5000DB063 /* SeatTest */ = {
			isa = PBXNativeTarget;
			buildConfigurationList = 997B2E3626124ADD000DB063 /* Build configuration list for PBXNativeTarget "SeatTest" */;
			buildPhases = (
				997B2E1B26124AD5000DB063 /* Sources */,
				997B2E1C26124AD5000DB063 /* Frameworks */,
				997B2E1D26124AD5000DB063 /* Resources */,
			);
			buildRules = (
			);
			dependencies = (
			);
			name = SeatTest;
			productName = SeatTest;
			productReference = 997B2E1F26124AD5000DB063 /* SeatTest.app */;
			productType = "com.apple.product-type.application";
		};
/* End PBXNativeTarget section */

/* Begin PBXProject section */
		997B2E1726124AD5000DB063 /* Project object */ = {
			isa = PBXProject;
			attributes = {
				LastSwiftUpdateCheck = 1230;
				LastUpgradeCheck = 1230;
				TargetAttributes = {
					997B2E1E26124AD5000DB063 = {
						CreatedOnToolsVersion = 12.3;
					};
				};
			};
			buildConfigurationList = 997B2E1A26124AD5000DB063 /* Build configuration list for PBXProject "SeatTest" */;
			compatibilityVersion = "Xcode 9.3";
			developmentRegion = en;
			hasScannedForEncodings = 0;
			knownRegions = (
				en,
				Base,
			);
			mainGroup = 997B2E1626124AD5000DB063;
			productRefGroup = 997B2E2026124AD5000DB063 /* Products */;
			projectDirPath = "";
			projectRoot = "";
			targets = (
				997B2E1E26124AD5000DB063 /* SeatTest */,
			);
		};
/* End PBXProject section */

/* Begin PBXResourcesBuildPhase section */
		997B2E1D26124AD5000DB063 /* Resources */ = {
			isa = PBXResourcesBuildPhase;
			buildActionMask = 2147483647;
			files = (
				997B2E7326127BD3000DB063 /* EventCell.xib in Resources */,
				997B2E3226124ADD000DB063 /* LaunchScreen.storyboard in Resources */,
				997B2E2F26124ADD000DB063 /* Assets.xcassets in Resources */,
				997B2E2A26124AD5000DB063 /* Main.storyboard in Resources */,
			);
			runOnlyForDeploymentPostprocessing = 0;
		};
/* End PBXResourcesBuildPhase section */

/* Begin PBXSourcesBuildPhase section */
		997B2E1B26124AD5000DB063 /* Sources */ = {
			isa = PBXSourcesBuildPhase;
			buildActionMask = 2147483647;
			files = (
				997B2E7626127BED000DB063 /* EventDetailsViewController.swift in Sources */,
				997B2E2326124AD5000DB063 /* AppDelegate.swift in Sources */,
				997B2E82261298D6000DB063 /* EventsList+SearchBarDelegate.swift in Sources */,
				997B2E4C2612528E000DB063 /* NetworkManager.swift in Sources */,
				997B2E69261271F7000DB063 /* ImageCacheManager.swift in Sources */,
				997B2E4F26125693000DB063 /* APIError.swift in Sources */,
				997B2E5426125704000DB063 /* DTEvent.swift in Sources */,
				997B2E62261268F3000DB063 /* PersistenceContainer.swift in Sources */,
				997B2E7226127BD3000DB063 /* EventCell.swift in Sources */,
				997B2E6526126967000DB063 /* FavoriteEvents+CoreDataFunctions.swift in Sources */,
				997B2E2D26124AD5000DB063 /* SeatTest.xcdatamodeld in Sources */,
				997B2E7926127C05000DB063 /* EventListViewModel.swift in Sources */,
				997B2E6D26127BBD000DB063 /* EventsListTableViewController.swift in Sources */,
				997B2E7E2612850B000DB063 /* Event.swift in Sources */,
				997B2E2526124AD5000DB063 /* SceneDelegate.swift in Sources */,
			);
			runOnlyForDeploymentPostprocessing = 0;
		};
/* End PBXSourcesBuildPhase section */

/* Begin PBXVariantGroup section */
		997B2E2826124AD5000DB063 /* Main.storyboard */ = {
			isa = PBXVariantGroup;
			children = (
				997B2E2926124AD5000DB063 /* Base */,
			);
			name = Main.storyboard;
			sourceTree = "<group>";
		};
		997B2E3026124ADD000DB063 /* LaunchScreen.storyboard */ = {
			isa = PBXVariantGroup;
			children = (
				997B2E3126124ADD000DB063 /* Base */,
			);
			name = LaunchScreen.storyboard;
			sourceTree = "<group>";
		};
/* End PBXVariantGroup section */

/* Begin XCBuildConfiguration section */
		997B2E3426124ADD000DB063 /* Debug */ = {
			isa = XCBuildConfiguration;
			buildSettings = {
				ALWAYS_SEARCH_USER_PATHS = NO;
				CLANG_ANALYZER_NONNULL = YES;
				CLANG_ANALYZER_NUMBER_OBJECT_CONVERSION = YES_AGGRESSIVE;
				CLANG_CXX_LANGUAGE_STANDARD = "gnu++14";
				CLANG_CXX_LIBRARY = "libc++";
				CLANG_ENABLE_MODULES = YES;
				CLANG_ENABLE_OBJC_ARC = YES;
				CLANG_ENABLE_OBJC_WEAK = YES;
				CLANG_WARN_BLOCK_CAPTURE_AUTORELEASING = YES;
				CLANG_WARN_BOOL_CONVERSION = YES;
				CLANG_WARN_COMMA = YES;
				CLANG_WARN_CONSTANT_CONVERSION = YES;
				CLANG_WARN_DEPRECATED_OBJC_IMPLEMENTATIONS = YES;
				CLANG_WARN_DIRECT_OBJC_ISA_USAGE = YES_ERROR;
				CLANG_WARN_DOCUMENTATION_COMMENTS = YES;
				CLANG_WARN_EMPTY_BODY = YES;
				CLANG_WARN_ENUM_CONVERSION = YES;
				CLANG_WARN_INFINITE_RECURSION = YES;
				CLANG_WARN_INT_CONVERSION = YES;
				CLANG_WARN_NON_LITERAL_NULL_CONVERSION = YES;
				CLANG_WARN_OBJC_IMPLICIT_RETAIN_SELF = YES;
				CLANG_WARN_OBJC_LITERAL_CONVERSION = YES;
				CLANG_WARN_OBJC_ROOT_CLASS = YES_ERROR;
				CLANG_WARN_QUOTED_INCLUDE_IN_FRAMEWORK_HEADER = YES;
				CLANG_WARN_RANGE_LOOP_ANALYSIS = YES;
				CLANG_WARN_STRICT_PROTOTYPES = YES;
				CLANG_WARN_SUSPICIOUS_MOVE = YES;
				CLANG_WARN_UNGUARDED_AVAILABILITY = YES_AGGRESSIVE;
				CLANG_WARN_UNREACHABLE_CODE = YES;
				CLANG_WARN__DUPLICATE_METHOD_MATCH = YES;
				COPY_PHASE_STRIP = NO;
				DEBUG_INFORMATION_FORMAT = dwarf;
				ENABLE_STRICT_OBJC_MSGSEND = YES;
				ENABLE_TESTABILITY = YES;
				GCC_C_LANGUAGE_STANDARD = gnu11;
				GCC_DYNAMIC_NO_PIC = NO;
				GCC_NO_COMMON_BLOCKS = YES;
				GCC_OPTIMIZATION_LEVEL = 0;
				GCC_PREPROCESSOR_DEFINITIONS = (
					"DEBUG=1",
					"$(inherited)",
				);
				GCC_WARN_64_TO_32_BIT_CONVERSION = YES;
				GCC_WARN_ABOUT_RETURN_TYPE = YES_ERROR;
				GCC_WARN_UNDECLARED_SELECTOR = YES;
				GCC_WARN_UNINITIALIZED_AUTOS = YES_AGGRESSIVE;
				GCC_WARN_UNUSED_FUNCTION = YES;
				GCC_WARN_UNUSED_VARIABLE = YES;
				IPHONEOS_DEPLOYMENT_TARGET = 14.3;
				MTL_ENABLE_DEBUG_INFO = INCLUDE_SOURCE;
				MTL_FAST_MATH = YES;
				ONLY_ACTIVE_ARCH = YES;
				SDKROOT = iphoneos;
				SWIFT_ACTIVE_COMPILATION_CONDITIONS = DEBUG;
				SWIFT_OPTIMIZATION_LEVEL = "-Onone";
			};
			name = Debug;
		};
		997B2E3526124ADD000DB063 /* Release */ = {
			isa = XCBuildConfiguration;
			buildSettings = {
				ALWAYS_SEARCH_USER_PATHS = NO;
				CLANG_ANALYZER_NONNULL = YES;
				CLANG_ANALYZER_NUMBER_OBJECT_CONVERSION = YES_AGGRESSIVE;
				CLANG_CXX_LANGUAGE_STANDARD = "gnu++14";
				CLANG_CXX_LIBRARY = "libc++";
				CLANG_ENABLE_MODULES = YES;
				CLANG_ENABLE_OBJC_ARC = YES;
				CLANG_ENABLE_OBJC_WEAK = YES;
				CLANG_WARN_BLOCK_CAPTURE_AUTORELEASING = YES;
				CLANG_WARN_BOOL_CONVERSION = YES;
				CLANG_WARN_COMMA = YES;
				CLANG_WARN_CONSTANT_CONVERSION = YES;
				CLANG_WARN_DEPRECATED_OBJC_IMPLEMENTATIONS = YES;
				CLANG_WARN_DIRECT_OBJC_ISA_USAGE = YES_ERROR;
				CLANG_WARN_DOCUMENTATION_COMMENTS = YES;
				CLANG_WARN_EMPTY_BODY = YES;
				CLANG_WARN_ENUM_CONVERSION = YES;
				CLANG_WARN_INFINITE_RECURSION = YES;
				CLANG_WARN_INT_CONVERSION = YES;
				CLANG_WARN_NON_LITERAL_NULL_CONVERSION = YES;
				CLANG_WARN_OBJC_IMPLICIT_RETAIN_SELF = YES;
				CLANG_WARN_OBJC_LITERAL_CONVERSION = YES;
				CLANG_WARN_OBJC_ROOT_CLASS = YES_ERROR;
				CLANG_WARN_QUOTED_INCLUDE_IN_FRAMEWORK_HEADER = YES;
				CLANG_WARN_RANGE_LOOP_ANALYSIS = YES;
				CLANG_WARN_STRICT_PROTOTYPES = YES;
				CLANG_WARN_SUSPICIOUS_MOVE = YES;
				CLANG_WARN_UNGUARDED_AVAILABILITY = YES_AGGRESSIVE;
				CLANG_WARN_UNREACHABLE_CODE = YES;
				CLANG_WARN__DUPLICATE_METHOD_MATCH = YES;
				COPY_PHASE_STRIP = NO;
				DEBUG_INFORMATION_FORMAT = "dwarf-with-dsym";
				ENABLE_NS_ASSERTIONS = NO;
				ENABLE_STRICT_OBJC_MSGSEND = YES;
				GCC_C_LANGUAGE_STANDARD = gnu11;
				GCC_NO_COMMON_BLOCKS = YES;
				GCC_WARN_64_TO_32_BIT_CONVERSION = YES;
				GCC_WARN_ABOUT_RETURN_TYPE = YES_ERROR;
				GCC_WARN_UNDECLARED_SELECTOR = YES;
				GCC_WARN_UNINITIALIZED_AUTOS = YES_AGGRESSIVE;
				GCC_WARN_UNUSED_FUNCTION = YES;
				GCC_WARN_UNUSED_VARIABLE = YES;
				IPHONEOS_DEPLOYMENT_TARGET = 14.3;
				MTL_ENABLE_DEBUG_INFO = NO;
				MTL_FAST_MATH = YES;
				SDKROOT = iphoneos;
				SWIFT_COMPILATION_MODE = wholemodule;
				SWIFT_OPTIMIZATION_LEVEL = "-O";
				VALIDATE_PRODUCT = YES;
			};
			name = Release;
		};
		997B2E3726124ADD000DB063 /* Debug */ = {
			isa = XCBuildConfiguration;
			buildSettings = {
				ASSETCATALOG_COMPILER_APPICON_NAME = AppIcon;
				ASSETCATALOG_COMPILER_GLOBAL_ACCENT_COLOR_NAME = AccentColor;
				CODE_SIGN_STYLE = Automatic;
				DEVELOPMENT_TEAM = Z39T27P9LH;
				INFOPLIST_FILE = SeatTest/Info.plist;
				LD_RUNPATH_SEARCH_PATHS = (
					"$(inherited)",
					"@executable_path/Frameworks",
				);
				PRODUCT_BUNDLE_IDENTIFIER = com.seatGeak.SeatTest;
				PRODUCT_NAME = "$(TARGET_NAME)";
				SWIFT_VERSION = 5.0;
				TARGETED_DEVICE_FAMILY = "1,2";
			};
			name = Debug;
		};
		997B2E3826124ADD000DB063 /* Release */ = {
			isa = XCBuildConfiguration;
			buildSettings = {
				ASSETCATALOG_COMPILER_APPICON_NAME = AppIcon;
				ASSETCATALOG_COMPILER_GLOBAL_ACCENT_COLOR_NAME = AccentColor;
				CODE_SIGN_STYLE = Automatic;
				DEVELOPMENT_TEAM = Z39T27P9LH;
				INFOPLIST_FILE = SeatTest/Info.plist;
				LD_RUNPATH_SEARCH_PATHS = (
					"$(inherited)",
					"@executable_path/Frameworks",
				);
				PRODUCT_BUNDLE_IDENTIFIER = com.seatGeak.SeatTest;
				PRODUCT_NAME = "$(TARGET_NAME)";
				SWIFT_VERSION = 5.0;
				TARGETED_DEVICE_FAMILY = "1,2";
			};
			name = Release;
		};
/* End XCBuildConfiguration section */

/* Begin XCConfigurationList section */
		997B2E1A26124AD5000DB063 /* Build configuration list for PBXProject "SeatTest" */ = {
			isa = XCConfigurationList;
			buildConfigurations = (
				997B2E3426124ADD000DB063 /* Debug */,
				997B2E3526124ADD000DB063 /* Release */,
			);
			defaultConfigurationIsVisible = 0;
			defaultConfigurationName = Release;
		};
		997B2E3626124ADD000DB063 /* Build configuration list for PBXNativeTarget "SeatTest" */ = {
			isa = XCConfigurationList;
			buildConfigurations = (
				997B2E3726124ADD000DB063 /* Debug */,
				997B2E3826124ADD000DB063 /* Release */,
			);
			defaultConfigurationIsVisible = 0;
			defaultConfigurationName = Release;
		};
/* End XCConfigurationList section */

/* Begin XCVersionGroup section */
		997B2E2B26124AD5000DB063 /* SeatTest.xcdatamodeld */ = {
			isa = XCVersionGroup;
			children = (
				997B2E2C26124AD5000DB063 /* SeatTest.xcdatamodel */,
			);
			currentVersion = 997B2E2C26124AD5000DB063 /* SeatTest.xcdatamodel */;
			path = SeatTest.xcdatamodeld;
			sourceTree = "<group>";
			versionGroupType = wrapper.xcdatamodel;
		};
/* End XCVersionGroup section */
	};
	rootObject = 997B2E1726124AD5000DB063 /* Project object */;
}
